
Microsoft Visual Studio Solution File, Format Version 12.00
# Visual Studio Version 17
VisualStudioVersion = 17.10.35013.160
MinimumVisualStudioVersion = 10.0.40219.1
Project("{8BC9CEB8-8B4A-11D0-8D11-00A0C91BC942}") = "Sandbox", "Sandbox\Sandbox.vcxproj", "{6442960C-777B-40EA-9FCC-16CD45208245}"
EndProject
Project("{8BC9CEB8-8B4A-11D0-8D11-00A0C91BC942}") = "Hazel", "Hazel\Hazel.vcxproj", "{E27BCF1A-9EC5-4D91-A672-C8679F352F8D}"
EndProject
Global
	GlobalSection(SolutionConfigurationPlatforms) = preSolution
		Debug|x64 = Debug|x64
		Release|x64 = Release|x64
	EndGlobalSection
	GlobalSection(ProjectConfigurationPlatforms) = postSolution
		{E27BCF1A-9EC5-4D91-A672-C8679F352F8D}.Debug|x64.ActiveCfg = Debug|x64
		{E27BCF1A-9EC5-4D91-A672-C8679F352F8D}.Debug|x64.Build.0 = Debug|x64
		{E27BCF1A-9EC5-4D91-A672-C8679F352F8D}.Release|x64.ActiveCfg = Release|x64
		{E27BCF1A-9EC5-4D91-A672-C8679F352F8D}.Release|x64.Build.0 = Release|x64
		{6442960C-777B-40EA-9FCC-16CD45208245}.Debug|x64.ActiveCfg = Debug|x64
		{6442960C-777B-40EA-9FCC-16CD45208245}.Debug|x64.Build.0 = Debug|x64
		{6442960C-777B-40EA-9FCC-16CD45208245}.Release|x64.ActiveCfg = Release|x64
		{6442960C-777B-40EA-9FCC-16CD45208245}.Release|x64.Build.0 = Release|x64
	EndGlobalSection
	GlobalSection(SolutionProperties) = preSolution
		HideSolutionNode = FALSE
	EndGlobalSection
	GlobalSection(ExtensibilityGlobals) = postSolution
		SolutionGuid = {E3D86011-258A-4D43-8737-FA9FD06C5422}
	EndGlobalSection
EndGlobal
